// !$*UTF8*$!
{
	archiveVersion = 1;
	classes = {
	};
	objectVersion = 55;
	objects = {

/* Begin PBXBuildFile section */
		FA2DA84828B7D1260039CC36 /* SnaxDexApp.swift in Sources */ = {isa = PBXBuildFile; fileRef = FA2DA84728B7D1260039CC36 /* SnaxDexApp.swift */; };
		FA2DA84A28B7D1260039CC36 /* FilterButton.swift in Sources */ = {isa = PBXBuildFile; fileRef = FA2DA84928B7D1260039CC36 /* FilterButton.swift */; };
		FA2DA84C28B7D1270039CC36 /* Assets.xcassets in Resources */ = {isa = PBXBuildFile; fileRef = FA2DA84B28B7D1270039CC36 /* Assets.xcassets */; };
		FA2DA84F28B7D1270039CC36 /* Preview Assets.xcassets in Resources */ = {isa = PBXBuildFile; fileRef = FA2DA84E28B7D1270039CC36 /* Preview Assets.xcassets */; };
		FA2DA85B28B7D1E40039CC36 /* BugsnaxCell.swift in Sources */ = {isa = PBXBuildFile; fileRef = FA2DA85A28B7D1E40039CC36 /* BugsnaxCell.swift */; };
		FA2DA85D28B7D4970039CC36 /* SnakdexView.swift in Sources */ = {isa = PBXBuildFile; fileRef = FA2DA85C28B7D4970039CC36 /* SnakdexView.swift */; };
		FA5D59B428C0F7A100CAB685 /* bugsnaxKey.json in Resources */ = {isa = PBXBuildFile; fileRef = FA5D59B328C0F7A100CAB685 /* bugsnaxKey.json */; };
		FA5D59B628C1100500CAB685 /* ColorExtension.swift in Sources */ = {isa = PBXBuildFile; fileRef = FA5D59B528C1100500CAB685 /* ColorExtension.swift */; };
		FAEB6D3B28BD0BE500CD87D6 /* Snax.swift in Sources */ = {isa = PBXBuildFile; fileRef = FAEB6D3A28BD0BE500CD87D6 /* Snax.swift */; };
		FAEB6D4128BD140500CD87D6 /* BugsnaxController.swift in Sources */ = {isa = PBXBuildFile; fileRef = FAEB6D4028BD140500CD87D6 /* BugsnaxController.swift */; };
		FAF2419328CF835400C1C1F2 /* BugsnaxDetailView.swift in Sources */ = {isa = PBXBuildFile; fileRef = FAF2419228CF835400C1C1F2 /* BugsnaxDetailView.swift */; };
/* End PBXBuildFile section */

/* Begin PBXFileReference section */
		FA2DA84428B7D1260039CC36 /* SnaxDex.app */ = {isa = PBXFileReference; explicitFileType = wrapper.application; includeInIndex = 0; path = SnaxDex.app; sourceTree = BUILT_PRODUCTS_DIR; };
		FA2DA84728B7D1260039CC36 /* SnaxDexApp.swift */ = {isa = PBXFileReference; lastKnownFileType = sourcecode.swift; path = SnaxDexApp.swift; sourceTree = "<group>"; };
		FA2DA84928B7D1260039CC36 /* FilterButton.swift */ = {isa = PBXFileReference; lastKnownFileType = sourcecode.swift; path = FilterButton.swift; sourceTree = "<group>"; };
		FA2DA84B28B7D1270039CC36 /* Assets.xcassets */ = {isa = PBXFileReference; lastKnownFileType = folder.assetcatalog; path = Assets.xcassets; sourceTree = "<group>"; };
		FA2DA84E28B7D1270039CC36 /* Preview Assets.xcassets */ = {isa = PBXFileReference; lastKnownFileType = folder.assetcatalog; path = "Preview Assets.xcassets"; sourceTree = "<group>"; };
		FA2DA85A28B7D1E40039CC36 /* BugsnaxCell.swift */ = {isa = PBXFileReference; lastKnownFileType = sourcecode.swift; path = BugsnaxCell.swift; sourceTree = "<group>"; };
		FA2DA85C28B7D4970039CC36 /* SnakdexView.swift */ = {isa = PBXFileReference; lastKnownFileType = sourcecode.swift; path = SnakdexView.swift; sourceTree = "<group>"; };
		FA5D59B328C0F7A100CAB685 /* bugsnaxKey.json */ = {isa = PBXFileReference; fileEncoding = 4; lastKnownFileType = text.json; path = bugsnaxKey.json; sourceTree = "<group>"; };
		FA5D59B528C1100500CAB685 /* ColorExtension.swift */ = {isa = PBXFileReference; lastKnownFileType = sourcecode.swift; path = ColorExtension.swift; sourceTree = "<group>"; };
		FAEB6D3A28BD0BE500CD87D6 /* Snax.swift */ = {isa = PBXFileReference; lastKnownFileType = sourcecode.swift; path = Snax.swift; sourceTree = "<group>"; };
		FAEB6D4028BD140500CD87D6 /* BugsnaxController.swift */ = {isa = PBXFileReference; lastKnownFileType = sourcecode.swift; name = BugsnaxController.swift; path = SnaxDex/ViewModel/BugsnaxController.swift; sourceTree = SOURCE_ROOT; };
		FAF2419228CF835400C1C1F2 /* BugsnaxDetailView.swift */ = {isa = PBXFileReference; lastKnownFileType = sourcecode.swift; path = BugsnaxDetailView.swift; sourceTree = "<group>"; };
/* End PBXFileReference section */

/* Begin PBXFrameworksBuildPhase section */
		FA2DA84128B7D1260039CC36 /* Frameworks */ = {
			isa = PBXFrameworksBuildPhase;
			buildActionMask = 2147483647;
			files = (
			);
			runOnlyForDeploymentPostprocessing = 0;
		};
/* End PBXFrameworksBuildPhase section */

/* Begin PBXGroup section */
		FA2DA83B28B7D1260039CC36 = {
			isa = PBXGroup;
			children = (
				FA2DA84628B7D1260039CC36 /* SnaxDex */,
				FA2DA84528B7D1260039CC36 /* Products */,
			);
			sourceTree = "<group>";
		};
		FA2DA84528B7D1260039CC36 /* Products */ = {
			isa = PBXGroup;
			children = (
				FA2DA84428B7D1260039CC36 /* SnaxDex.app */,
			);
			name = Products;
			sourceTree = "<group>";
		};
		FA2DA84628B7D1260039CC36 /* SnaxDex */ = {
			isa = PBXGroup;
			children = (
				FA2DA84728B7D1260039CC36 /* SnaxDexApp.swift */,
				FA2DA84928B7D1260039CC36 /* FilterButton.swift */,
				FA2DA85628B7D1700039CC36 /* View */,
				FA2DA85728B7D18E0039CC36 /* ViewModel */,
				FA2DA85528B7D1690039CC36 /* Model */,
				FA2DA84B28B7D1270039CC36 /* Assets.xcassets */,
				FA5D59B328C0F7A100CAB685 /* bugsnaxKey.json */,
				FA2DA84D28B7D1270039CC36 /* Preview Content */,
			);
			path = SnaxDex;
			sourceTree = "<group>";
		};
		FA2DA84D28B7D1270039CC36 /* Preview Content */ = {
			isa = PBXGroup;
			children = (
				FA2DA84E28B7D1270039CC36 /* Preview Assets.xcassets */,
			);
			path = "Preview Content";
			sourceTree = "<group>";
		};
		FA2DA85528B7D1690039CC36 /* Model */ = {
			isa = PBXGroup;
			children = (
				FAEB6D3A28BD0BE500CD87D6 /* Snax.swift */,
				FA5D59B528C1100500CAB685 /* ColorExtension.swift */,
			);
			path = Model;
			sourceTree = "<group>";
		};
		FA2DA85628B7D1700039CC36 /* View */ = {
			isa = PBXGroup;
			children = (
				FA2DA85A28B7D1E40039CC36 /* BugsnaxCell.swift */,
				FAF2419228CF835400C1C1F2 /* BugsnaxDetailView.swift */,
				FA2DA85C28B7D4970039CC36 /* SnakdexView.swift */,
			);
			path = View;
			sourceTree = "<group>";
		};
		FA2DA85728B7D18E0039CC36 /* ViewModel */ = {
			isa = PBXGroup;
			children = (
				FAEB6D4028BD140500CD87D6 /* BugsnaxController.swift */,
			);
			path = ViewModel;
			sourceTree = "<group>";
		};
/* End PBXGroup section */

/* Begin PBXNativeTarget section */
		FA2DA84328B7D1260039CC36 /* SnaxDex */ = {
			isa = PBXNativeTarget;
			buildConfigurationList = FA2DA85228B7D1270039CC36 /* Build configuration list for PBXNativeTarget "SnaxDex" */;
			buildPhases = (
				FA2DA84028B7D1260039CC36 /* Sources */,
				FA2DA84128B7D1260039CC36 /* Frameworks */,
				FA2DA84228B7D1260039CC36 /* Resources */,
			);
			buildRules = (
			);
			dependencies = (
			);
			name = SnaxDex;
			productName = SnaxDex;
			productReference = FA2DA84428B7D1260039CC36 /* SnaxDex.app */;
			productType = "com.apple.product-type.application";
		};
/* End PBXNativeTarget section */

/* Begin PBXProject section */
		FA2DA83C28B7D1260039CC36 /* Project object */ = {
			isa = PBXProject;
			attributes = {
				BuildIndependentTargetsInParallel = 1;
				LastSwiftUpdateCheck = 1340;
				LastUpgradeCheck = 1340;
				TargetAttributes = {
					FA2DA84328B7D1260039CC36 = {
						CreatedOnToolsVersion = 13.4.1;
					};
				};
			};
			buildConfigurationList = FA2DA83F28B7D1260039CC36 /* Build configuration list for PBXProject "SnaxDex" */;
			compatibilityVersion = "Xcode 13.0";
			developmentRegion = en;
			hasScannedForEncodings = 0;
			knownRegions = (
				en,
				Base,
			);
			mainGroup = FA2DA83B28B7D1260039CC36;
			productRefGroup = FA2DA84528B7D1260039CC36 /* Products */;
			projectDirPath = "";
			projectRoot = "";
			targets = (
				FA2DA84328B7D1260039CC36 /* SnaxDex */,
			);
		};
/* End PBXProject section */

/* Begin PBXResourcesBuildPhase section */
		FA2DA84228B7D1260039CC36 /* Resources */ = {
			isa = PBXResourcesBuildPhase;
			buildActionMask = 2147483647;
			files = (
				FA2DA84F28B7D1270039CC36 /* Preview Assets.xcassets in Resources */,
				FA2DA84C28B7D1270039CC36 /* Assets.xcassets in Resources */,
				FA5D59B428C0F7A100CAB685 /* bugsnaxKey.json in Resources */,
			);
			runOnlyForDeploymentPostprocessing = 0;
		};
/* End PBXResourcesBuildPhase section */

/* Begin PBXSourcesBuildPhase section */
		FA2DA84028B7D1260039CC36 /* Sources */ = {
			isa = PBXSourcesBuildPhase;
			buildActionMask = 2147483647;
			files = (
				FA2DA84A28B7D1260039CC36 /* FilterButton.swift in Sources */,
				FAF2419328CF835400C1C1F2 /* BugsnaxDetailView.swift in Sources */,
				FAEB6D4128BD140500CD87D6 /* BugsnaxController.swift in Sources */,
				FAEB6D3B28BD0BE500CD87D6 /* Snax.swift in Sources */,
				FA2DA85D28B7D4970039CC36 /* SnakdexView.swift in Sources */,
				FA2DA85B28B7D1E40039CC36 /* BugsnaxCell.swift in Sources */,
				FA5D59B628C1100500CAB685 /* ColorExtension.swift in Sources */,
				FA2DA84828B7D1260039CC36 /* SnaxDexApp.swift in Sources */,
			);
			runOnlyForDeploymentPostprocessing = 0;
		};
/* End PBXSourcesBuildPhase section */

/* Begin XCBuildConfiguration section */
		FA2DA85028B7D1270039CC36 /* Debug */ = {
			isa = XCBuildConfiguration;
			buildSettings = {
				ALWAYS_SEARCH_USER_PATHS = NO;
				CLANG_ANALYZER_NONNULL = YES;
				CLANG_ANALYZER_NUMBER_OBJECT_CONVERSION = YES_AGGRESSIVE;
				CLANG_CXX_LANGUAGE_STANDARD = "gnu++17";
				CLANG_ENABLE_MODULES = YES;
				CLANG_ENABLE_OBJC_ARC = YES;
				CLANG_ENABLE_OBJC_WEAK = YES;
				CLANG_WARN_BLOCK_CAPTURE_AUTORELEASING = YES;
				CLANG_WARN_BOOL_CONVERSION = YES;
				CLANG_WARN_COMMA = YES;
				CLANG_WARN_CONSTANT_CONVERSION = YES;
				CLANG_WARN_DEPRECATED_OBJC_IMPLEMENTATIONS = YES;
				CLANG_WARN_DIRECT_OBJC_ISA_USAGE = YES_ERROR;
				CLANG_WARN_DOCUMENTATION_COMMENTS = YES;
				CLANG_WARN_EMPTY_BODY = YES;
				CLANG_WARN_ENUM_CONVERSION = YES;
				CLANG_WARN_INFINITE_RECURSION = YES;
				CLANG_WARN_INT_CONVERSION = YES;
				CLANG_WARN_NON_LITERAL_NULL_CONVERSION = YES;
				CLANG_WARN_OBJC_IMPLICIT_RETAIN_SELF = YES;
				CLANG_WARN_OBJC_LITERAL_CONVERSION = YES;
				CLANG_WARN_OBJC_ROOT_CLASS = YES_ERROR;
				CLANG_WARN_QUOTED_INCLUDE_IN_FRAMEWORK_HEADER = YES;
				CLANG_WARN_RANGE_LOOP_ANALYSIS = YES;
				CLANG_WARN_STRICT_PROTOTYPES = YES;
				CLANG_WARN_SUSPICIOUS_MOVE = YES;
				CLANG_WARN_UNGUARDED_AVAILABILITY = YES_AGGRESSIVE;
				CLANG_WARN_UNREACHABLE_CODE = YES;
				CLANG_WARN__DUPLICATE_METHOD_MATCH = YES;
				COPY_PHASE_STRIP = NO;
				DEBUG_INFORMATION_FORMAT = dwarf;
				ENABLE_STRICT_OBJC_MSGSEND = YES;
				ENABLE_TESTABILITY = YES;
				GCC_C_LANGUAGE_STANDARD = gnu11;
				GCC_DYNAMIC_NO_PIC = NO;
				GCC_NO_COMMON_BLOCKS = YES;
				GCC_OPTIMIZATION_LEVEL = 0;
				GCC_PREPROCESSOR_DEFINITIONS = (
					"DEBUG=1",
					"$(inherited)",
				);
				GCC_WARN_64_TO_32_BIT_CONVERSION = YES;
				GCC_WARN_ABOUT_RETURN_TYPE = YES_ERROR;
				GCC_WARN_UNDECLARED_SELECTOR = YES;
				GCC_WARN_UNINITIALIZED_AUTOS = YES_AGGRESSIVE;
				GCC_WARN_UNUSED_FUNCTION = YES;
				GCC_WARN_UNUSED_VARIABLE = YES;
				IPHONEOS_DEPLOYMENT_TARGET = 15.5;
				MTL_ENABLE_DEBUG_INFO = INCLUDE_SOURCE;
				MTL_FAST_MATH = YES;
				ONLY_ACTIVE_ARCH = YES;
				SDKROOT = iphoneos;
				SWIFT_ACTIVE_COMPILATION_CONDITIONS = DEBUG;
				SWIFT_OPTIMIZATION_LEVEL = "-Onone";
			};
			name = Debug;
		};
		FA2DA85128B7D1270039CC36 /* Release */ = {
			isa = XCBuildConfiguration;
			buildSettings = {
				ALWAYS_SEARCH_USER_PATHS = NO;
				CLANG_ANALYZER_NONNULL = YES;
				CLANG_ANALYZER_NUMBER_OBJECT_CONVERSION = YES_AGGRESSIVE;
				CLANG_CXX_LANGUAGE_STANDARD = "gnu++17";
				CLANG_ENABLE_MODULES = YES;
				CLANG_ENABLE_OBJC_ARC = YES;
				CLANG_ENABLE_OBJC_WEAK = YES;
				CLANG_WARN_BLOCK_CAPTURE_AUTORELEASING = YES;
				CLANG_WARN_BOOL_CONVERSION = YES;
				CLANG_WARN_COMMA = YES;
				CLANG_WARN_CONSTANT_CONVERSION = YES;
				CLANG_WARN_DEPRECATED_OBJC_IMPLEMENTATIONS = YES;
				CLANG_WARN_DIRECT_OBJC_ISA_USAGE = YES_ERROR;
				CLANG_WARN_DOCUMENTATION_COMMENTS = YES;
				CLANG_WARN_EMPTY_BODY = YES;
				CLANG_WARN_ENUM_CONVERSION = YES;
				CLANG_WARN_INFINITE_RECURSION = YES;
				CLANG_WARN_INT_CONVERSION = YES;
				CLANG_WARN_NON_LITERAL_NULL_CONVERSION = YES;
				CLANG_WARN_OBJC_IMPLICIT_RETAIN_SELF = YES;
				CLANG_WARN_OBJC_LITERAL_CONVERSION = YES;
				CLANG_WARN_OBJC_ROOT_CLASS = YES_ERROR;
				CLANG_WARN_QUOTED_INCLUDE_IN_FRAMEWORK_HEADER = YES;
				CLANG_WARN_RANGE_LOOP_ANALYSIS = YES;
				CLANG_WARN_STRICT_PROTOTYPES = YES;
				CLANG_WARN_SUSPICIOUS_MOVE = YES;
				CLANG_WARN_UNGUARDED_AVAILABILITY = YES_AGGRESSIVE;
				CLANG_WARN_UNREACHABLE_CODE = YES;
				CLANG_WARN__DUPLICATE_METHOD_MATCH = YES;
				COPY_PHASE_STRIP = NO;
				DEBUG_INFORMATION_FORMAT = "dwarf-with-dsym";
				ENABLE_NS_ASSERTIONS = NO;
				ENABLE_STRICT_OBJC_MSGSEND = YES;
				GCC_C_LANGUAGE_STANDARD = gnu11;
				GCC_NO_COMMON_BLOCKS = YES;
				GCC_WARN_64_TO_32_BIT_CONVERSION = YES;
				GCC_WARN_ABOUT_RETURN_TYPE = YES_ERROR;
				GCC_WARN_UNDECLARED_SELECTOR = YES;
				GCC_WARN_UNINITIALIZED_AUTOS = YES_AGGRESSIVE;
				GCC_WARN_UNUSED_FUNCTION = YES;
				GCC_WARN_UNUSED_VARIABLE = YES;
				IPHONEOS_DEPLOYMENT_TARGET = 15.5;
				MTL_ENABLE_DEBUG_INFO = NO;
				MTL_FAST_MATH = YES;
				SDKROOT = iphoneos;
				SWIFT_COMPILATION_MODE = wholemodule;
				SWIFT_OPTIMIZATION_LEVEL = "-O";
				VALIDATE_PRODUCT = YES;
			};
			name = Release;
		};
		FA2DA85328B7D1270039CC36 /* Debug */ = {
			isa = XCBuildConfiguration;
			buildSettings = {
				ASSETCATALOG_COMPILER_APPICON_NAME = AppIcon;
				ASSETCATALOG_COMPILER_GLOBAL_ACCENT_COLOR_NAME = AccentColor;
				CODE_SIGN_STYLE = Automatic;
				CURRENT_PROJECT_VERSION = 1;
				DEVELOPMENT_ASSET_PATHS = "\"SnaxDex/Preview Content\"";
				ENABLE_PREVIEWS = YES;
				GENERATE_INFOPLIST_FILE = YES;
				INFOPLIST_KEY_UIApplicationSceneManifest_Generation = YES;
				INFOPLIST_KEY_UIApplicationSupportsIndirectInputEvents = YES;
				INFOPLIST_KEY_UILaunchScreen_Generation = YES;
				INFOPLIST_KEY_UISupportedInterfaceOrientations_iPad = "UIInterfaceOrientationPortrait UIInterfaceOrientationPortraitUpsideDown UIInterfaceOrientationLandscapeLeft UIInterfaceOrientationLandscapeRight";
				INFOPLIST_KEY_UISupportedInterfaceOrientations_iPhone = "UIInterfaceOrientationPortrait UIInterfaceOrientationLandscapeLeft UIInterfaceOrientationLandscapeRight";
				LD_RUNPATH_SEARCH_PATHS = (
					"$(inherited)",
					"@executable_path/Frameworks",
				);
				MARKETING_VERSION = 1.0;
				PRODUCT_BUNDLE_IDENTIFIER = con.Parker.SnaxDex;
				PRODUCT_NAME = "$(TARGET_NAME)";
				SWIFT_EMIT_LOC_STRINGS = YES;
				SWIFT_VERSION = 5.0;
				TARGETED_DEVICE_FAMILY = "1,2";
			};
			name = Debug;
		};
		FA2DA85428B7D1270039CC36 /* Release */ = {
			isa = XCBuildConfiguration;
			buildSettings = {
				ASSETCATALOG_COMPILER_APPICON_NAME = AppIcon;
				ASSETCATALOG_COMPILER_GLOBAL_ACCENT_COLOR_NAME = AccentColor;
				CODE_SIGN_STYLE = Automatic;
				CURRENT_PROJECT_VERSION = 1;
				DEVELOPMENT_ASSET_PATHS = "\"SnaxDex/Preview Content\"";
				ENABLE_PREVIEWS = YES;
				GENERATE_INFOPLIST_FILE = YES;
				INFOPLIST_KEY_UIApplicationSceneManifest_Generation = YES;
				INFOPLIST_KEY_UIApplicationSupportsIndirectInputEvents = YES;
				INFOPLIST_KEY_UILaunchScreen_Generation = YES;
				INFOPLIST_KEY_UISupportedInterfaceOrientations_iPad = "UIInterfaceOrientationPortrait UIInterfaceOrientationPortraitUpsideDown UIInterfaceOrientationLandscapeLeft UIInterfaceOrientationLandscapeRight";
				INFOPLIST_KEY_UISupportedInterfaceOrientations_iPhone = "UIInterfaceOrientationPortrait UIInterfaceOrientationLandscapeLeft UIInterfaceOrientationLandscapeRight";
				LD_RUNPATH_SEARCH_PATHS = (
					"$(inherited)",
					"@executable_path/Frameworks",
				);
				MARKETING_VERSION = 1.0;
				PRODUCT_BUNDLE_IDENTIFIER = con.Parker.SnaxDex;
				PRODUCT_NAME = "$(TARGET_NAME)";
				SWIFT_EMIT_LOC_STRINGS = YES;
				SWIFT_VERSION = 5.0;
				TARGETED_DEVICE_FAMILY = "1,2";
			};
			name = Release;
		};
/* End XCBuildConfiguration section */

/* Begin XCConfigurationList section */
		FA2DA83F28B7D1260039CC36 /* Build configuration list for PBXProject "SnaxDex" */ = {
			isa = XCConfigurationList;
			buildConfigurations = (
				FA2DA85028B7D1270039CC36 /* Debug */,
				FA2DA85128B7D1270039CC36 /* Release */,
			);
			defaultConfigurationIsVisible = 0;
			defaultConfigurationName = Release;
		};
		FA2DA85228B7D1270039CC36 /* Build configuration list for PBXNativeTarget "SnaxDex" */ = {
			isa = XCConfigurationList;
			buildConfigurations = (
				FA2DA85328B7D1270039CC36 /* Debug */,
				FA2DA85428B7D1270039CC36 /* Release */,
			);
			defaultConfigurationIsVisible = 0;
			defaultConfigurationName = Release;
		};
/* End XCConfigurationList section */
	};
	rootObject = FA2DA83C28B7D1260039CC36 /* Project object */;
}
